// !$*UTF8*$!
{
	archiveVersion = 1;
	classes = {
	};
	objectVersion = 55;
	objects = {

/* Begin PBXBuildFile section */
		EC4406C62AD8404000FC81DB /* Widget+View.swift in Sources */ = {isa = PBXBuildFile; fileRef = EC4406C52AD8404000FC81DB /* Widget+View.swift */; };
		EC4406C72AD842D900FC81DB /* Widget+View.swift in Sources */ = {isa = PBXBuildFile; fileRef = EC4406C52AD8404000FC81DB /* Widget+View.swift */; };
		EC4A63662A650D1200DCA7E3 /* TransparentBlurView.swift in Sources */ = {isa = PBXBuildFile; fileRef = ECCAD9EE2A4E5F01006CFDE6 /* TransparentBlurView.swift */; };
		EC69D4182A4F9C9B00328FD6 /* Localizable.xcstrings in Resources */ = {isa = PBXBuildFile; fileRef = EC69D4172A4F9C9B00328FD6 /* Localizable.xcstrings */; };
		EC69D4192A4F9C9B00328FD6 /* Localizable.xcstrings in Resources */ = {isa = PBXBuildFile; fileRef = EC69D4172A4F9C9B00328FD6 /* Localizable.xcstrings */; };
		EC69D41C2A4F9D0900328FD6 /* TabbarView.swift in Sources */ = {isa = PBXBuildFile; fileRef = EC69D41B2A4F9D0900328FD6 /* TabbarView.swift */; };
		EC6C98E02A4F99DE009D800D /* Common.swift in Sources */ = {isa = PBXBuildFile; fileRef = EC6C98DF2A4F99DE009D800D /* Common.swift */; };
		EC6C98E22A4F9A75009D800D /* Common.swift in Sources */ = {isa = PBXBuildFile; fileRef = EC6C98DF2A4F99DE009D800D /* Common.swift */; };
		EC849DEE28DF990000DFB619 /* WidgetKit.framework in Frameworks */ = {isa = PBXBuildFile; fileRef = EC849DED28DF990000DFB619 /* WidgetKit.framework */; };
		EC849DF028DF990000DFB619 /* SwiftUI.framework in Frameworks */ = {isa = PBXBuildFile; fileRef = EC849DEF28DF990000DFB619 /* SwiftUI.framework */; };
		EC849DF328DF990100DFB619 /* XiaoLiurenWidget.swift in Sources */ = {isa = PBXBuildFile; fileRef = EC849DF228DF990100DFB619 /* XiaoLiurenWidget.swift */; };
		EC849DF628DF990200DFB619 /* Assets.xcassets in Resources */ = {isa = PBXBuildFile; fileRef = EC849DF528DF990200DFB619 /* Assets.xcassets */; };
		EC849DFC28DF990200DFB619 /* XiaoLiurenWidgetExtension.appex in Embed Foundation Extensions */ = {isa = PBXBuildFile; fileRef = EC849DEB28DF990000DFB619 /* XiaoLiurenWidgetExtension.appex */; settings = {ATTRIBUTES = (RemoveHeadersOnCopy, ); }; };
		EC849E2B28E0755B00DFB619 /* nqjsi.json in Resources */ = {isa = PBXBuildFile; fileRef = EC849E2A28E0755B00DFB619 /* nqjsi.json */; };
		EC849E3328E09E0400DFB619 /* XiaoLiurenWidget.intentdefinition in Sources */ = {isa = PBXBuildFile; fileRef = EC849E3628E09E0400DFB619 /* XiaoLiurenWidget.intentdefinition */; };
		EC849E3428E09E0400DFB619 /* XiaoLiurenWidget.intentdefinition in Sources */ = {isa = PBXBuildFile; fileRef = EC849E3628E09E0400DFB619 /* XiaoLiurenWidget.intentdefinition */; };
		EC8F2E5728B7B66300CEEF8F /* XiaoLiurenApp.swift in Sources */ = {isa = PBXBuildFile; fileRef = EC8F2E5628B7B66300CEEF8F /* XiaoLiurenApp.swift */; };
		EC8F2E5928B7B66300CEEF8F /* ContentView.swift in Sources */ = {isa = PBXBuildFile; fileRef = EC8F2E5828B7B66300CEEF8F /* ContentView.swift */; };
		EC8F2E5B28B7B66C00CEEF8F /* Assets.xcassets in Resources */ = {isa = PBXBuildFile; fileRef = EC8F2E5A28B7B66C00CEEF8F /* Assets.xcassets */; };
		EC8F2E5E28B7B66C00CEEF8F /* Preview Assets.xcassets in Resources */ = {isa = PBXBuildFile; fileRef = EC8F2E5D28B7B66C00CEEF8F /* Preview Assets.xcassets */; };
		EC99429A2A5FD5F200A729D7 /* String+Localized.swift in Sources */ = {isa = PBXBuildFile; fileRef = EC9942992A5FD5F200A729D7 /* String+Localized.swift */; };
		ECCAD9DC2A4E5DBD006CFDE6 /* Model.swift in Sources */ = {isa = PBXBuildFile; fileRef = ECCAD9DA2A4E5DBD006CFDE6 /* Model.swift */; };
		ECCAD9DD2A4E5DBD006CFDE6 /* Model.swift in Sources */ = {isa = PBXBuildFile; fileRef = ECCAD9DA2A4E5DBD006CFDE6 /* Model.swift */; };
		ECCAD9F22A4E5F01006CFDE6 /* TransparentBlurView.swift in Sources */ = {isa = PBXBuildFile; fileRef = ECCAD9EE2A4E5F01006CFDE6 /* TransparentBlurView.swift */; };
		ECCAD9F32A4E5F01006CFDE6 /* Threeshin.swift in Sources */ = {isa = PBXBuildFile; fileRef = ECCAD9EF2A4E5F01006CFDE6 /* Threeshin.swift */; };
		ECCAD9F42A4E5F01006CFDE6 /* HomeView.swift in Sources */ = {isa = PBXBuildFile; fileRef = ECCAD9F02A4E5F01006CFDE6 /* HomeView.swift */; };
		ECCAD9F52A4E5F01006CFDE6 /* EasyBodyInfo.swift in Sources */ = {isa = PBXBuildFile; fileRef = ECCAD9F12A4E5F01006CFDE6 /* EasyBodyInfo.swift */; };
		ECCAD9FD2A4E5FC7006CFDE6 /* Threeshin.swift in Sources */ = {isa = PBXBuildFile; fileRef = ECCAD9EF2A4E5F01006CFDE6 /* Threeshin.swift */; };
/* End PBXBuildFile section */

/* Begin PBXContainerItemProxy section */
		EC849DFA28DF990200DFB619 /* PBXContainerItemProxy */ = {
			isa = PBXContainerItemProxy;
			containerPortal = EC8F2E4B28B7B66300CEEF8F /* Project object */;
			proxyType = 1;
			remoteGlobalIDString = EC849DEA28DF990000DFB619;
			remoteInfo = XiaoLiurenWidgetExtension;
		};
/* End PBXContainerItemProxy section */

/* Begin PBXCopyFilesBuildPhase section */
		EC849E0028DF990200DFB619 /* Embed Foundation Extensions */ = {
			isa = PBXCopyFilesBuildPhase;
			buildActionMask = 2147483647;
			dstPath = "";
			dstSubfolderSpec = 13;
			files = (
				EC849DFC28DF990200DFB619 /* XiaoLiurenWidgetExtension.appex in Embed Foundation Extensions */,
			);
			name = "Embed Foundation Extensions";
			runOnlyForDeploymentPostprocessing = 0;
		};
/* End PBXCopyFilesBuildPhase section */

/* Begin PBXFileReference section */
		EC4406C52AD8404000FC81DB /* Widget+View.swift */ = {isa = PBXFileReference; lastKnownFileType = sourcecode.swift; path = "Widget+View.swift"; sourceTree = "<group>"; };
		EC69D4162A4F9C6900328FD6 /* zh-Hant */ = {isa = PBXFileReference; lastKnownFileType = text.plist.strings; name = "zh-Hant"; path = "zh-Hant.lproj/XiaoLiurenWidget.strings"; sourceTree = "<group>"; };
		EC69D4172A4F9C9B00328FD6 /* Localizable.xcstrings */ = {isa = PBXFileReference; lastKnownFileType = text.json.xcstrings; path = Localizable.xcstrings; sourceTree = "<group>"; };
		EC69D41B2A4F9D0900328FD6 /* TabbarView.swift */ = {isa = PBXFileReference; lastKnownFileType = sourcecode.swift; path = TabbarView.swift; sourceTree = "<group>"; };
		EC6C98DF2A4F99DE009D800D /* Common.swift */ = {isa = PBXFileReference; lastKnownFileType = sourcecode.swift; path = Common.swift; sourceTree = "<group>"; };
		EC849DEB28DF990000DFB619 /* XiaoLiurenWidgetExtension.appex */ = {isa = PBXFileReference; explicitFileType = "wrapper.app-extension"; includeInIndex = 0; path = XiaoLiurenWidgetExtension.appex; sourceTree = BUILT_PRODUCTS_DIR; };
		EC849DED28DF990000DFB619 /* WidgetKit.framework */ = {isa = PBXFileReference; lastKnownFileType = wrapper.framework; name = WidgetKit.framework; path = System/Library/Frameworks/WidgetKit.framework; sourceTree = SDKROOT; };
		EC849DEF28DF990000DFB619 /* SwiftUI.framework */ = {isa = PBXFileReference; lastKnownFileType = wrapper.framework; name = SwiftUI.framework; path = System/Library/Frameworks/SwiftUI.framework; sourceTree = SDKROOT; };
		EC849DF228DF990100DFB619 /* XiaoLiurenWidget.swift */ = {isa = PBXFileReference; lastKnownFileType = sourcecode.swift; path = XiaoLiurenWidget.swift; sourceTree = "<group>"; };
		EC849DF528DF990200DFB619 /* Assets.xcassets */ = {isa = PBXFileReference; lastKnownFileType = folder.assetcatalog; path = Assets.xcassets; sourceTree = "<group>"; };
		EC849DF728DF990200DFB619 /* Info.plist */ = {isa = PBXFileReference; lastKnownFileType = text.plist.xml; path = Info.plist; sourceTree = "<group>"; };
		EC849E2A28E0755B00DFB619 /* nqjsi.json */ = {isa = PBXFileReference; fileEncoding = 4; lastKnownFileType = text.json; path = nqjsi.json; sourceTree = "<group>"; };
		EC849E3228E09DF000DFB619 /* Info.plist */ = {isa = PBXFileReference; lastKnownFileType = text.plist.xml; path = Info.plist; sourceTree = "<group>"; };
		EC849E3528E09E0400DFB619 /* Base */ = {isa = PBXFileReference; lastKnownFileType = file.intentdefinition; name = Base; path = Base.lproj/XiaoLiurenWidget.intentdefinition; sourceTree = "<group>"; };
		EC849E3828E09E0600DFB619 /* en */ = {isa = PBXFileReference; lastKnownFileType = text.plist.strings; name = en; path = en.lproj/XiaoLiurenWidget.strings; sourceTree = "<group>"; };
		EC8F2E5328B7B66300CEEF8F /* XiaoLiuren.app */ = {isa = PBXFileReference; explicitFileType = wrapper.application; includeInIndex = 0; path = XiaoLiuren.app; sourceTree = BUILT_PRODUCTS_DIR; };
		EC8F2E5628B7B66300CEEF8F /* XiaoLiurenApp.swift */ = {isa = PBXFileReference; lastKnownFileType = sourcecode.swift; path = XiaoLiurenApp.swift; sourceTree = "<group>"; };
		EC8F2E5828B7B66300CEEF8F /* ContentView.swift */ = {isa = PBXFileReference; lastKnownFileType = sourcecode.swift; path = ContentView.swift; sourceTree = "<group>"; };
		EC8F2E5A28B7B66C00CEEF8F /* Assets.xcassets */ = {isa = PBXFileReference; lastKnownFileType = folder.assetcatalog; path = Assets.xcassets; sourceTree = "<group>"; };
		EC8F2E5D28B7B66C00CEEF8F /* Preview Assets.xcassets */ = {isa = PBXFileReference; lastKnownFileType = folder.assetcatalog; path = "Preview Assets.xcassets"; sourceTree = "<group>"; };
		EC9942992A5FD5F200A729D7 /* String+Localized.swift */ = {isa = PBXFileReference; lastKnownFileType = sourcecode.swift; path = "String+Localized.swift"; sourceTree = "<group>"; };
		ECCAD9D42A4E56C5006CFDE6 /* XiaoLiurenWidgetExtension.entitlements */ = {isa = PBXFileReference; lastKnownFileType = text.plist.entitlements; path = XiaoLiurenWidgetExtension.entitlements; sourceTree = "<group>"; };
		ECCAD9D52A4E56D1006CFDE6 /* XiaoLiuren.entitlements */ = {isa = PBXFileReference; lastKnownFileType = text.plist.entitlements; path = XiaoLiuren.entitlements; sourceTree = "<group>"; };
		ECCAD9DA2A4E5DBD006CFDE6 /* Model.swift */ = {isa = PBXFileReference; fileEncoding = 4; lastKnownFileType = sourcecode.swift; path = Model.swift; sourceTree = "<group>"; };
		ECCAD9EE2A4E5F01006CFDE6 /* TransparentBlurView.swift */ = {isa = PBXFileReference; fileEncoding = 4; lastKnownFileType = sourcecode.swift; path = TransparentBlurView.swift; sourceTree = "<group>"; };
		ECCAD9EF2A4E5F01006CFDE6 /* Threeshin.swift */ = {isa = PBXFileReference; fileEncoding = 4; lastKnownFileType = sourcecode.swift; path = Threeshin.swift; sourceTree = "<group>"; };
		ECCAD9F02A4E5F01006CFDE6 /* HomeView.swift */ = {isa = PBXFileReference; fileEncoding = 4; lastKnownFileType = sourcecode.swift; path = HomeView.swift; sourceTree = "<group>"; };
		ECCAD9F12A4E5F01006CFDE6 /* EasyBodyInfo.swift */ = {isa = PBXFileReference; fileEncoding = 4; lastKnownFileType = sourcecode.swift; path = EasyBodyInfo.swift; sourceTree = "<group>"; };
/* End PBXFileReference section */

/* Begin PBXFrameworksBuildPhase section */
		EC849DE828DF990000DFB619 /* Frameworks */ = {
			isa = PBXFrameworksBuildPhase;
			buildActionMask = 2147483647;
			files = (
				EC849DF028DF990000DFB619 /* SwiftUI.framework in Frameworks */,
				EC849DEE28DF990000DFB619 /* WidgetKit.framework in Frameworks */,
			);
			runOnlyForDeploymentPostprocessing = 0;
		};
		EC8F2E5028B7B66300CEEF8F /* Frameworks */ = {
			isa = PBXFrameworksBuildPhase;
			buildActionMask = 2147483647;
			files = (
			);
			runOnlyForDeploymentPostprocessing = 0;
		};
/* End PBXFrameworksBuildPhase section */

/* Begin PBXGroup section */
		EC4406C42AD8402F00FC81DB /* Extension */ = {
			isa = PBXGroup;
			children = (
				EC4406C52AD8404000FC81DB /* Widget+View.swift */,
			);
			path = Extension;
			sourceTree = "<group>";
		};
		EC4A63632A650BA200DCA7E3 /* Home */ = {
			isa = PBXGroup;
			children = (
				ECCAD9EF2A4E5F01006CFDE6 /* Threeshin.swift */,
				ECCAD9F02A4E5F01006CFDE6 /* HomeView.swift */,
				ECCAD9F12A4E5F01006CFDE6 /* EasyBodyInfo.swift */,
			);
			path = Home;
			sourceTree = "<group>";
		};
		EC4A63642A650BD900DCA7E3 /* Other */ = {
			isa = PBXGroup;
			children = (
				ECCAD9D52A4E56D1006CFDE6 /* XiaoLiuren.entitlements */,
				EC849E3228E09DF000DFB619 /* Info.plist */,
				EC8F2E5A28B7B66C00CEEF8F /* Assets.xcassets */,
			);
			path = Other;
			sourceTree = "<group>";
		};
		EC4A63672A650D1B00DCA7E3 /* Transparent Blur View */ = {
			isa = PBXGroup;
			children = (
				ECCAD9EE2A4E5F01006CFDE6 /* TransparentBlurView.swift */,
			);
			path = "Transparent Blur View";
			sourceTree = "<group>";
		};
		EC4A63682A650D6B00DCA7E3 /* New Group */ = {
			isa = PBXGroup;
			children = (
			);
			path = "New Group";
			sourceTree = "<group>";
		};
		EC69D41A2A4F9CEE00328FD6 /* Tabbar */ = {
			isa = PBXGroup;
			children = (
				EC69D41B2A4F9D0900328FD6 /* TabbarView.swift */,
			);
			path = Tabbar;
			sourceTree = "<group>";
		};
		EC6C98E12A4F9A6F009D800D /* Common */ = {
			isa = PBXGroup;
			children = (
				EC4A63672A650D1B00DCA7E3 /* Transparent Blur View */,
				EC6C98DF2A4F99DE009D800D /* Common.swift */,
			);
			path = Common;
			sourceTree = "<group>";
		};
		EC849DEC28DF990000DFB619 /* Frameworks */ = {
			isa = PBXGroup;
			children = (
				EC849DED28DF990000DFB619 /* WidgetKit.framework */,
				EC849DEF28DF990000DFB619 /* SwiftUI.framework */,
			);
			name = Frameworks;
			sourceTree = "<group>";
		};
		EC849DF128DF990100DFB619 /* XiaoLiurenWidget */ = {
			isa = PBXGroup;
			children = (
				EC4406C42AD8402F00FC81DB /* Extension */,
				EC849DF228DF990100DFB619 /* XiaoLiurenWidget.swift */,
				EC849E3628E09E0400DFB619 /* XiaoLiurenWidget.intentdefinition */,
				EC849DF528DF990200DFB619 /* Assets.xcassets */,
				EC849DF728DF990200DFB619 /* Info.plist */,
			);
			path = XiaoLiurenWidget;
			sourceTree = "<group>";
		};
		EC8F2E4A28B7B66300CEEF8F = {
			isa = PBXGroup;
			children = (
				EC69D4172A4F9C9B00328FD6 /* Localizable.xcstrings */,
				ECCAD9D42A4E56C5006CFDE6 /* XiaoLiurenWidgetExtension.entitlements */,
				EC8F2E5528B7B66300CEEF8F /* XiaoLiuren */,
				EC849DF128DF990100DFB619 /* XiaoLiurenWidget */,
				EC849DEC28DF990000DFB619 /* Frameworks */,
				EC8F2E5428B7B66300CEEF8F /* Products */,
			);
			sourceTree = "<group>";
		};
		EC8F2E5428B7B66300CEEF8F /* Products */ = {
			isa = PBXGroup;
			children = (
				EC8F2E5328B7B66300CEEF8F /* XiaoLiuren.app */,
				EC849DEB28DF990000DFB619 /* XiaoLiurenWidgetExtension.appex */,
			);
			name = Products;
			sourceTree = "<group>";
		};
		EC8F2E5528B7B66300CEEF8F /* XiaoLiuren */ = {
			isa = PBXGroup;
			children = (
				EC4A63642A650BD900DCA7E3 /* Other */,
				EC9942982A5FD5EB00A729D7 /* Extension */,
				ECCAD9D92A4E5DBD006CFDE6 /* Model */,
				ECCAD9ED2A4E5F01006CFDE6 /* View */,
				EC8F2E5628B7B66300CEEF8F /* XiaoLiurenApp.swift */,
				EC8F2E5828B7B66300CEEF8F /* ContentView.swift */,
				EC8F2E5C28B7B66C00CEEF8F /* Preview Content */,
				EC6C98E12A4F9A6F009D800D /* Common */,
			);
			path = XiaoLiuren;
			sourceTree = "<group>";
		};
		EC8F2E5C28B7B66C00CEEF8F /* Preview Content */ = {
			isa = PBXGroup;
			children = (
				EC8F2E5D28B7B66C00CEEF8F /* Preview Assets.xcassets */,
			);
			path = "Preview Content";
			sourceTree = "<group>";
		};
		EC9942982A5FD5EB00A729D7 /* Extension */ = {
			isa = PBXGroup;
			children = (
				EC9942992A5FD5F200A729D7 /* String+Localized.swift */,
			);
			path = Extension;
			sourceTree = "<group>";
		};
		ECCAD9D92A4E5DBD006CFDE6 /* Model */ = {
			isa = PBXGroup;
			children = (
				EC849E2A28E0755B00DFB619 /* nqjsi.json */,
				ECCAD9DA2A4E5DBD006CFDE6 /* Model.swift */,
			);
			path = Model;
			sourceTree = "<group>";
		};
		ECCAD9ED2A4E5F01006CFDE6 /* View */ = {
			isa = PBXGroup;
			children = (
				EC4A63682A650D6B00DCA7E3 /* New Group */,
				EC4A63632A650BA200DCA7E3 /* Home */,
				EC69D41A2A4F9CEE00328FD6 /* Tabbar */,
			);
			path = View;
			sourceTree = "<group>";
		};
/* End PBXGroup section */

/* Begin PBXNativeTarget section */
		EC849DEA28DF990000DFB619 /* XiaoLiurenWidgetExtension */ = {
			isa = PBXNativeTarget;
			buildConfigurationList = EC849DFD28DF990200DFB619 /* Build configuration list for PBXNativeTarget "XiaoLiurenWidgetExtension" */;
			buildPhases = (
				EC849DE728DF990000DFB619 /* Sources */,
				EC849DE828DF990000DFB619 /* Frameworks */,
				EC849DE928DF990000DFB619 /* Resources */,
			);
			buildRules = (
			);
			dependencies = (
			);
			name = XiaoLiurenWidgetExtension;
			productName = XiaoLiurenWidgetExtension;
			productReference = EC849DEB28DF990000DFB619 /* XiaoLiurenWidgetExtension.appex */;
			productType = "com.apple.product-type.app-extension";
		};
		EC8F2E5228B7B66300CEEF8F /* XiaoLiuren */ = {
			isa = PBXNativeTarget;
			buildConfigurationList = EC8F2E6128B7B66C00CEEF8F /* Build configuration list for PBXNativeTarget "XiaoLiuren" */;
			buildPhases = (
				EC8F2E4F28B7B66300CEEF8F /* Sources */,
				EC8F2E5028B7B66300CEEF8F /* Frameworks */,
				EC8F2E5128B7B66300CEEF8F /* Resources */,
				EC849E0028DF990200DFB619 /* Embed Foundation Extensions */,
			);
			buildRules = (
			);
			dependencies = (
				EC849DFB28DF990200DFB619 /* PBXTargetDependency */,
			);
			name = XiaoLiuren;
			productName = XiaoLiuren;
			productReference = EC8F2E5328B7B66300CEEF8F /* XiaoLiuren.app */;
			productType = "com.apple.product-type.application";
		};
/* End PBXNativeTarget section */

/* Begin PBXProject section */
		EC8F2E4B28B7B66300CEEF8F /* Project object */ = {
			isa = PBXProject;
			attributes = {
				BuildIndependentTargetsInParallel = 1;
				LastSwiftUpdateCheck = 1400;
				LastUpgradeCheck = 1340;
				TargetAttributes = {
					EC849DEA28DF990000DFB619 = {
						CreatedOnToolsVersion = 14.0;
					};
					EC8F2E5228B7B66300CEEF8F = {
						CreatedOnToolsVersion = 13.4.1;
					};
				};
			};
			buildConfigurationList = EC8F2E4E28B7B66300CEEF8F /* Build configuration list for PBXProject "XiaoLiuren" */;
			compatibilityVersion = "Xcode 13.0";
			developmentRegion = "zh-Hant";
			hasScannedForEncodings = 0;
			knownRegions = (
				en,
				Base,
				"zh-Hant",
			);
			mainGroup = EC8F2E4A28B7B66300CEEF8F;
			productRefGroup = EC8F2E5428B7B66300CEEF8F /* Products */;
			projectDirPath = "";
			projectRoot = "";
			targets = (
				EC8F2E5228B7B66300CEEF8F /* XiaoLiuren */,
				EC849DEA28DF990000DFB619 /* XiaoLiurenWidgetExtension */,
			);
		};
/* End PBXProject section */

/* Begin PBXResourcesBuildPhase section */
		EC849DE928DF990000DFB619 /* Resources */ = {
			isa = PBXResourcesBuildPhase;
			buildActionMask = 2147483647;
			files = (
				EC69D4192A4F9C9B00328FD6 /* Localizable.xcstrings in Resources */,
				EC849DF628DF990200DFB619 /* Assets.xcassets in Resources */,
			);
			runOnlyForDeploymentPostprocessing = 0;
		};
		EC8F2E5128B7B66300CEEF8F /* Resources */ = {
			isa = PBXResourcesBuildPhase;
			buildActionMask = 2147483647;
			files = (
				EC849E2B28E0755B00DFB619 /* nqjsi.json in Resources */,
				EC8F2E5E28B7B66C00CEEF8F /* Preview Assets.xcassets in Resources */,
				EC69D4182A4F9C9B00328FD6 /* Localizable.xcstrings in Resources */,
				EC8F2E5B28B7B66C00CEEF8F /* Assets.xcassets in Resources */,
			);
			runOnlyForDeploymentPostprocessing = 0;
		};
/* End PBXResourcesBuildPhase section */

/* Begin PBXSourcesBuildPhase section */
		EC849DE728DF990000DFB619 /* Sources */ = {
			isa = PBXSourcesBuildPhase;
			buildActionMask = 2147483647;
			files = (
				ECCAD9FD2A4E5FC7006CFDE6 /* Threeshin.swift in Sources */,
				ECCAD9DD2A4E5DBD006CFDE6 /* Model.swift in Sources */,
				EC849E3428E09E0400DFB619 /* XiaoLiurenWidget.intentdefinition in Sources */,
				EC4406C72AD842D900FC81DB /* Widget+View.swift in Sources */,
				EC6C98E22A4F9A75009D800D /* Common.swift in Sources */,
				EC4A63662A650D1200DCA7E3 /* TransparentBlurView.swift in Sources */,
				EC849DF328DF990100DFB619 /* XiaoLiurenWidget.swift in Sources */,
			);
			runOnlyForDeploymentPostprocessing = 0;
		};
		EC8F2E4F28B7B66300CEEF8F /* Sources */ = {
			isa = PBXSourcesBuildPhase;
			buildActionMask = 2147483647;
			files = (
				EC849E3328E09E0400DFB619 /* XiaoLiurenWidget.intentdefinition in Sources */,
				ECCAD9F32A4E5F01006CFDE6 /* Threeshin.swift in Sources */,
				ECCAD9F22A4E5F01006CFDE6 /* TransparentBlurView.swift in Sources */,
				ECCAD9DC2A4E5DBD006CFDE6 /* Model.swift in Sources */,
				EC6C98E02A4F99DE009D800D /* Common.swift in Sources */,
				EC8F2E5928B7B66300CEEF8F /* ContentView.swift in Sources */,
				EC8F2E5728B7B66300CEEF8F /* XiaoLiurenApp.swift in Sources */,
				ECCAD9F52A4E5F01006CFDE6 /* EasyBodyInfo.swift in Sources */,
				EC69D41C2A4F9D0900328FD6 /* TabbarView.swift in Sources */,
				EC99429A2A5FD5F200A729D7 /* String+Localized.swift in Sources */,
				EC4406C62AD8404000FC81DB /* Widget+View.swift in Sources */,
				ECCAD9F42A4E5F01006CFDE6 /* HomeView.swift in Sources */,
			);
			runOnlyForDeploymentPostprocessing = 0;
		};
/* End PBXSourcesBuildPhase section */

/* Begin PBXTargetDependency section */
		EC849DFB28DF990200DFB619 /* PBXTargetDependency */ = {
			isa = PBXTargetDependency;
			target = EC849DEA28DF990000DFB619 /* XiaoLiurenWidgetExtension */;
			targetProxy = EC849DFA28DF990200DFB619 /* PBXContainerItemProxy */;
		};
/* End PBXTargetDependency section */

/* Begin PBXVariantGroup section */
		EC849E3628E09E0400DFB619 /* XiaoLiurenWidget.intentdefinition */ = {
			isa = PBXVariantGroup;
			children = (
				EC849E3528E09E0400DFB619 /* Base */,
				EC849E3828E09E0600DFB619 /* en */,
				EC69D4162A4F9C6900328FD6 /* zh-Hant */,
			);
			name = XiaoLiurenWidget.intentdefinition;
			sourceTree = "<group>";
		};
/* End PBXVariantGroup section */

/* Begin XCBuildConfiguration section */
		EC849DFE28DF990200DFB619 /* Debug */ = {
			isa = XCBuildConfiguration;
			buildSettings = {
				ASSETCATALOG_COMPILER_GLOBAL_ACCENT_COLOR_NAME = AccentColor;
				ASSETCATALOG_COMPILER_WIDGET_BACKGROUND_COLOR_NAME = WidgetBackground;
				CLANG_CXX_LANGUAGE_STANDARD = "gnu++20";
				CODE_SIGN_ENTITLEMENTS = XiaoLiurenWidgetExtension.entitlements;
				CODE_SIGN_STYLE = Automatic;
				CURRENT_PROJECT_VERSION = 1;
				DEVELOPMENT_TEAM = YRJZ6WG9VC;
				GENERATE_INFOPLIST_FILE = YES;
				INFOPLIST_FILE = XiaoLiurenWidget/Info.plist;
				INFOPLIST_KEY_CFBundleDisplayName = XiaoLiurenWidget;
				INFOPLIST_KEY_NSHumanReadableCopyright = "";
				IPHONEOS_DEPLOYMENT_TARGET = 16.4;
				LD_RUNPATH_SEARCH_PATHS = (
					"$(inherited)",
					"@executable_path/Frameworks",
					"@executable_path/../../Frameworks",
				);
				MARKETING_VERSION = 1.0;
				PRODUCT_BUNDLE_IDENTIFIER = com.suoie.XiaoLiuren.XiaoLiurenWidget;
				PRODUCT_NAME = "$(TARGET_NAME)";
				SKIP_INSTALL = YES;
				SWIFT_EMIT_LOC_STRINGS = YES;
				SWIFT_VERSION = 5.0;
				TARGETED_DEVICE_FAMILY = "1,2";
			};
			name = Debug;
		};
		EC849DFF28DF990200DFB619 /* Release */ = {
			isa = XCBuildConfiguration;
			buildSettings = {
				ASSETCATALOG_COMPILER_GLOBAL_ACCENT_COLOR_NAME = AccentColor;
				ASSETCATALOG_COMPILER_WIDGET_BACKGROUND_COLOR_NAME = WidgetBackground;
				CLANG_CXX_LANGUAGE_STANDARD = "gnu++20";
				CODE_SIGN_ENTITLEMENTS = XiaoLiurenWidgetExtension.entitlements;
				CODE_SIGN_STYLE = Automatic;
				CURRENT_PROJECT_VERSION = 1;
				DEVELOPMENT_TEAM = YRJZ6WG9VC;
				GENERATE_INFOPLIST_FILE = YES;
				INFOPLIST_FILE = XiaoLiurenWidget/Info.plist;
				INFOPLIST_KEY_CFBundleDisplayName = XiaoLiurenWidget;
				INFOPLIST_KEY_NSHumanReadableCopyright = "";
				IPHONEOS_DEPLOYMENT_TARGET = 16.4;
				LD_RUNPATH_SEARCH_PATHS = (
					"$(inherited)",
					"@executable_path/Frameworks",
					"@executable_path/../../Frameworks",
				);
				MARKETING_VERSION = 1.0;
				PRODUCT_BUNDLE_IDENTIFIER = com.suoie.XiaoLiuren.XiaoLiurenWidget;
				PRODUCT_NAME = "$(TARGET_NAME)";
				SKIP_INSTALL = YES;
				SWIFT_EMIT_LOC_STRINGS = YES;
				SWIFT_VERSION = 5.0;
				TARGETED_DEVICE_FAMILY = "1,2";
			};
			name = Release;
		};
		EC8F2E5F28B7B66C00CEEF8F /* Debug */ = {
			isa = XCBuildConfiguration;
			buildSettings = {
				ALWAYS_SEARCH_USER_PATHS = NO;
				CLANG_ANALYZER_LOCALIZABILITY_NONLOCALIZED = YES;
				CLANG_ANALYZER_NONNULL = YES;
				CLANG_ANALYZER_NUMBER_OBJECT_CONVERSION = YES_AGGRESSIVE;
				CLANG_CXX_LANGUAGE_STANDARD = "gnu++17";
				CLANG_ENABLE_MODULES = YES;
				CLANG_ENABLE_OBJC_ARC = YES;
				CLANG_ENABLE_OBJC_WEAK = YES;
				CLANG_WARN_BLOCK_CAPTURE_AUTORELEASING = YES;
				CLANG_WARN_BOOL_CONVERSION = YES;
				CLANG_WARN_COMMA = YES;
				CLANG_WARN_CONSTANT_CONVERSION = YES;
				CLANG_WARN_DEPRECATED_OBJC_IMPLEMENTATIONS = YES;
				CLANG_WARN_DIRECT_OBJC_ISA_USAGE = YES_ERROR;
				CLANG_WARN_DOCUMENTATION_COMMENTS = YES;
				CLANG_WARN_EMPTY_BODY = YES;
				CLANG_WARN_ENUM_CONVERSION = YES;
				CLANG_WARN_INFINITE_RECURSION = YES;
				CLANG_WARN_INT_CONVERSION = YES;
				CLANG_WARN_NON_LITERAL_NULL_CONVERSION = YES;
				CLANG_WARN_OBJC_IMPLICIT_RETAIN_SELF = YES;
				CLANG_WARN_OBJC_LITERAL_CONVERSION = YES;
				CLANG_WARN_OBJC_ROOT_CLASS = YES_ERROR;
				CLANG_WARN_QUOTED_INCLUDE_IN_FRAMEWORK_HEADER = YES;
				CLANG_WARN_RANGE_LOOP_ANALYSIS = YES;
				CLANG_WARN_STRICT_PROTOTYPES = YES;
				CLANG_WARN_SUSPICIOUS_MOVE = YES;
				CLANG_WARN_UNGUARDED_AVAILABILITY = YES_AGGRESSIVE;
				CLANG_WARN_UNREACHABLE_CODE = YES;
				CLANG_WARN__DUPLICATE_METHOD_MATCH = YES;
				COPY_PHASE_STRIP = NO;
				DEBUG_INFORMATION_FORMAT = dwarf;
				ENABLE_STRICT_OBJC_MSGSEND = YES;
				ENABLE_TESTABILITY = YES;
				GCC_C_LANGUAGE_STANDARD = gnu11;
				GCC_DYNAMIC_NO_PIC = NO;
				GCC_NO_COMMON_BLOCKS = YES;
				GCC_OPTIMIZATION_LEVEL = 0;
				GCC_PREPROCESSOR_DEFINITIONS = (
					"DEBUG=1",
					"$(inherited)",
				);
				GCC_WARN_64_TO_32_BIT_CONVERSION = YES;
				GCC_WARN_ABOUT_RETURN_TYPE = YES_ERROR;
				GCC_WARN_UNDECLARED_SELECTOR = YES;
				GCC_WARN_UNINITIALIZED_AUTOS = YES_AGGRESSIVE;
				GCC_WARN_UNUSED_FUNCTION = YES;
				GCC_WARN_UNUSED_VARIABLE = YES;
				IPHONEOS_DEPLOYMENT_TARGET = 15.5;
				MTL_ENABLE_DEBUG_INFO = INCLUDE_SOURCE;
				MTL_FAST_MATH = YES;
				ONLY_ACTIVE_ARCH = YES;
				SDKROOT = iphoneos;
				SWIFT_ACTIVE_COMPILATION_CONDITIONS = DEBUG;
				SWIFT_OPTIMIZATION_LEVEL = "-Onone";
			};
			name = Debug;
		};
		EC8F2E6028B7B66C00CEEF8F /* Release */ = {
			isa = XCBuildConfiguration;
			buildSettings = {
				ALWAYS_SEARCH_USER_PATHS = NO;
				CLANG_ANALYZER_LOCALIZABILITY_NONLOCALIZED = YES;
				CLANG_ANALYZER_NONNULL = YES;
				CLANG_ANALYZER_NUMBER_OBJECT_CONVERSION = YES_AGGRESSIVE;
				CLANG_CXX_LANGUAGE_STANDARD = "gnu++17";
				CLANG_ENABLE_MODULES = YES;
				CLANG_ENABLE_OBJC_ARC = YES;
				CLANG_ENABLE_OBJC_WEAK = YES;
				CLANG_WARN_BLOCK_CAPTURE_AUTORELEASING = YES;
				CLANG_WARN_BOOL_CONVERSION = YES;
				CLANG_WARN_COMMA = YES;
				CLANG_WARN_CONSTANT_CONVERSION = YES;
				CLANG_WARN_DEPRECATED_OBJC_IMPLEMENTATIONS = YES;
				CLANG_WARN_DIRECT_OBJC_ISA_USAGE = YES_ERROR;
				CLANG_WARN_DOCUMENTATION_COMMENTS = YES;
				CLANG_WARN_EMPTY_BODY = YES;
				CLANG_WARN_ENUM_CONVERSION = YES;
				CLANG_WARN_INFINITE_RECURSION = YES;
				CLANG_WARN_INT_CONVERSION = YES;
				CLANG_WARN_NON_LITERAL_NULL_CONVERSION = YES;
				CLANG_WARN_OBJC_IMPLICIT_RETAIN_SELF = YES;
				CLANG_WARN_OBJC_LITERAL_CONVERSION = YES;
				CLANG_WARN_OBJC_ROOT_CLASS = YES_ERROR;
				CLANG_WARN_QUOTED_INCLUDE_IN_FRAMEWORK_HEADER = YES;
				CLANG_WARN_RANGE_LOOP_ANALYSIS = YES;
				CLANG_WARN_STRICT_PROTOTYPES = YES;
				CLANG_WARN_SUSPICIOUS_MOVE = YES;
				CLANG_WARN_UNGUARDED_AVAILABILITY = YES_AGGRESSIVE;
				CLANG_WARN_UNREACHABLE_CODE = YES;
				CLANG_WARN__DUPLICATE_METHOD_MATCH = YES;
				COPY_PHASE_STRIP = NO;
				DEBUG_INFORMATION_FORMAT = "dwarf-with-dsym";
				ENABLE_NS_ASSERTIONS = NO;
				ENABLE_STRICT_OBJC_MSGSEND = YES;
				GCC_C_LANGUAGE_STANDARD = gnu11;
				GCC_NO_COMMON_BLOCKS = YES;
				GCC_WARN_64_TO_32_BIT_CONVERSION = YES;
				GCC_WARN_ABOUT_RETURN_TYPE = YES_ERROR;
				GCC_WARN_UNDECLARED_SELECTOR = YES;
				GCC_WARN_UNINITIALIZED_AUTOS = YES_AGGRESSIVE;
				GCC_WARN_UNUSED_FUNCTION = YES;
				GCC_WARN_UNUSED_VARIABLE = YES;
				IPHONEOS_DEPLOYMENT_TARGET = 15.5;
				MTL_ENABLE_DEBUG_INFO = NO;
				MTL_FAST_MATH = YES;
				SDKROOT = iphoneos;
				SWIFT_COMPILATION_MODE = wholemodule;
				SWIFT_OPTIMIZATION_LEVEL = "-O";
				VALIDATE_PRODUCT = YES;
			};
			name = Release;
		};
		EC8F2E6228B7B66C00CEEF8F /* Debug */ = {
			isa = XCBuildConfiguration;
			buildSettings = {
				ALWAYS_EMBED_SWIFT_STANDARD_LIBRARIES = YES;
				ASSETCATALOG_COMPILER_APPICON_NAME = AppIcon;
				ASSETCATALOG_COMPILER_GLOBAL_ACCENT_COLOR_NAME = AccentColor;
				CODE_SIGN_ENTITLEMENTS = XiaoLiuren/Other/XiaoLiuren.entitlements;
				CODE_SIGN_STYLE = Automatic;
				CURRENT_PROJECT_VERSION = 1;
				DEVELOPMENT_ASSET_PATHS = "\"XiaoLiuren/Preview Content\"";
				DEVELOPMENT_TEAM = YRJZ6WG9VC;
				ENABLE_PREVIEWS = YES;
				GENERATE_INFOPLIST_FILE = YES;
				INFOPLIST_FILE = XiaoLiuren/Other/Info.plist;
				INFOPLIST_KEY_CFBundleDisplayName = "簡單算";
				INFOPLIST_KEY_UIApplicationSceneManifest_Generation = YES;
				INFOPLIST_KEY_UIApplicationSupportsIndirectInputEvents = YES;
				INFOPLIST_KEY_UILaunchScreen_Generation = YES;
				INFOPLIST_KEY_UISupportedInterfaceOrientations_iPad = "UIInterfaceOrientationPortrait UIInterfaceOrientationPortraitUpsideDown UIInterfaceOrientationLandscapeLeft UIInterfaceOrientationLandscapeRight";
				INFOPLIST_KEY_UISupportedInterfaceOrientations_iPhone = "UIInterfaceOrientationPortrait UIInterfaceOrientationLandscapeLeft UIInterfaceOrientationLandscapeRight";
				IPHONEOS_DEPLOYMENT_TARGET = 16.4;
				LD_RUNPATH_SEARCH_PATHS = (
					"$(inherited)",
					"@executable_path/Frameworks",
				);
				MARKETING_VERSION = 1.0.0;
				PRODUCT_BUNDLE_IDENTIFIER = com.suoie.XiaoLiuren;
				PRODUCT_NAME = "$(TARGET_NAME)";
				SWIFT_EMIT_LOC_STRINGS = YES;
				SWIFT_VERSION = 5.0;
				TARGETED_DEVICE_FAMILY = "1,2";
			};
			name = Debug;
		};
		EC8F2E6328B7B66C00CEEF8F /* Release */ = {
			isa = XCBuildConfiguration;
			buildSettings = {
				ALWAYS_EMBED_SWIFT_STANDARD_LIBRARIES = YES;
				ASSETCATALOG_COMPILER_APPICON_NAME = AppIcon;
				ASSETCATALOG_COMPILER_GLOBAL_ACCENT_COLOR_NAME = AccentColor;
				CODE_SIGN_ENTITLEMENTS = XiaoLiuren/Other/XiaoLiuren.entitlements;
				CODE_SIGN_STYLE = Automatic;
				CURRENT_PROJECT_VERSION = 1;
				DEVELOPMENT_ASSET_PATHS = "\"XiaoLiuren/Preview Content\"";
				DEVELOPMENT_TEAM = YRJZ6WG9VC;
				ENABLE_PREVIEWS = YES;
				GENERATE_INFOPLIST_FILE = YES;
				INFOPLIST_FILE = XiaoLiuren/Other/Info.plist;
				INFOPLIST_KEY_CFBundleDisplayName = "簡單算";
				INFOPLIST_KEY_UIApplicationSceneManifest_Generation = YES;
				INFOPLIST_KEY_UIApplicationSupportsIndirectInputEvents = YES;
				INFOPLIST_KEY_UILaunchScreen_Generation = YES;
				INFOPLIST_KEY_UISupportedInterfaceOrientations_iPad = "UIInterfaceOrientationPortrait UIInterfaceOrientationPortraitUpsideDown UIInterfaceOrientationLandscapeLeft UIInterfaceOrientationLandscapeRight";
				INFOPLIST_KEY_UISupportedInterfaceOrientations_iPhone = "UIInterfaceOrientationPortrait UIInterfaceOrientationLandscapeLeft UIInterfaceOrientationLandscapeRight";
				IPHONEOS_DEPLOYMENT_TARGET = 16.4;
				LD_RUNPATH_SEARCH_PATHS = (
					"$(inherited)",
					"@executable_path/Frameworks",
				);
				MARKETING_VERSION = 1.0.0;
				PRODUCT_BUNDLE_IDENTIFIER = com.suoie.XiaoLiuren;
				PRODUCT_NAME = "$(TARGET_NAME)";
				SWIFT_EMIT_LOC_STRINGS = YES;
				SWIFT_VERSION = 5.0;
				TARGETED_DEVICE_FAMILY = "1,2";
			};
			name = Release;
		};
/* End XCBuildConfiguration section */

/* Begin XCConfigurationList section */
		EC849DFD28DF990200DFB619 /* Build configuration list for PBXNativeTarget "XiaoLiurenWidgetExtension" */ = {
			isa = XCConfigurationList;
			buildConfigurations = (
				EC849DFE28DF990200DFB619 /* Debug */,
				EC849DFF28DF990200DFB619 /* Release */,
			);
			defaultConfigurationIsVisible = 0;
			defaultConfigurationName = Release;
		};
		EC8F2E4E28B7B66300CEEF8F /* Build configuration list for PBXProject "XiaoLiuren" */ = {
			isa = XCConfigurationList;
			buildConfigurations = (
				EC8F2E5F28B7B66C00CEEF8F /* Debug */,
				EC8F2E6028B7B66C00CEEF8F /* Release */,
			);
			defaultConfigurationIsVisible = 0;
			defaultConfigurationName = Release;
		};
		EC8F2E6128B7B66C00CEEF8F /* Build configuration list for PBXNativeTarget "XiaoLiuren" */ = {
			isa = XCConfigurationList;
			buildConfigurations = (
				EC8F2E6228B7B66C00CEEF8F /* Debug */,
				EC8F2E6328B7B66C00CEEF8F /* Release */,
			);
			defaultConfigurationIsVisible = 0;
			defaultConfigurationName = Release;
		};
/* End XCConfigurationList section */
	};
	rootObject = EC8F2E4B28B7B66300CEEF8F /* Project object */;
}
